
Microsoft Visual Studio Solution File, Format Version 12.00
# Visual Studio Version 17
VisualStudioVersion = 17.3.32825.248
MinimumVisualStudioVersion = 10.0.40219.1
Project("{9A19103F-16F7-4668-BE54-9A1E7A4F7556}") = "cuperter spel", "cuperter spel\cuperter spel.csproj", "{E1217ABA-4A45-4EF3-B828-FB3CFFA1ED2F}"
EndProject
Project("{9A19103F-16F7-4668-BE54-9A1E7A4F7556}") = "booschappen", "booschappen\booschappen.csproj", "{AB7B3E13-1728-439F-B2D1-88CEF3365A8E}"
EndProject
Project("{9A19103F-16F7-4668-BE54-9A1E7A4F7556}") = "reken", "reken\reken.csproj", "{D9B7A693-A1EF-46D6-B109-3E8C3A1FA7D2}"
EndProject
Project("{9A19103F-16F7-4668-BE54-9A1E7A4F7556}") = "guess game", "guess game\guess game.csproj", "{EF02C6DC-D127-4FD5-9212-16340F85AD18}"
EndProject
Project("{9A19103F-16F7-4668-BE54-9A1E7A4F7556}") = "numbers", "numbers\numbers.csproj", "{32901592-A5F5-4A43-A0FF-9EF04E8BDAD0}"
EndProject
Project("{FAE04EC0-301F-11D3-BF4B-00C04F79EFBC}") = "telefoons kopen", "telefoons kopen\telefoons kopen.csproj", "{9328BB3F-E709-432B-A6E1-8B7F79843B0B}"
EndProject
Global
	GlobalSection(SolutionConfigurationPlatforms) = preSolution
		Debug|Any CPU = Debug|Any CPU
		Release|Any CPU = Release|Any CPU
	EndGlobalSection
	GlobalSection(ProjectConfigurationPlatforms) = postSolution
		{E1217ABA-4A45-4EF3-B828-FB3CFFA1ED2F}.Debug|Any CPU.ActiveCfg = Debug|Any CPU
		{E1217ABA-4A45-4EF3-B828-FB3CFFA1ED2F}.Debug|Any CPU.Build.0 = Debug|Any CPU
		{E1217ABA-4A45-4EF3-B828-FB3CFFA1ED2F}.Release|Any CPU.ActiveCfg = Release|Any CPU
		{E1217ABA-4A45-4EF3-B828-FB3CFFA1ED2F}.Release|Any CPU.Build.0 = Release|Any CPU
		{AB7B3E13-1728-439F-B2D1-88CEF3365A8E}.Debug|Any CPU.ActiveCfg = Debug|Any CPU
		{AB7B3E13-1728-439F-B2D1-88CEF3365A8E}.Debug|Any CPU.Build.0 = Debug|Any CPU
		{AB7B3E13-1728-439F-B2D1-88CEF3365A8E}.Release|Any CPU.ActiveCfg = Release|Any CPU
		{AB7B3E13-1728-439F-B2D1-88CEF3365A8E}.Release|Any CPU.Build.0 = Release|Any CPU
		{D9B7A693-A1EF-46D6-B109-3E8C3A1FA7D2}.Debug|Any CPU.ActiveCfg = Debug|Any CPU
		{D9B7A693-A1EF-46D6-B109-3E8C3A1FA7D2}.Debug|Any CPU.Build.0 = Debug|Any CPU
		{D9B7A693-A1EF-46D6-B109-3E8C3A1FA7D2}.Release|Any CPU.ActiveCfg = Release|Any CPU
		{D9B7A693-A1EF-46D6-B109-3E8C3A1FA7D2}.Release|Any CPU.Build.0 = Release|Any CPU
		{EF02C6DC-D127-4FD5-9212-16340F85AD18}.Debug|Any CPU.ActiveCfg = Debug|Any CPU
		{EF02C6DC-D127-4FD5-9212-16340F85AD18}.Debug|Any CPU.Build.0 = Debug|Any CPU
		{EF02C6DC-D127-4FD5-9212-16340F85AD18}.Release|Any CPU.ActiveCfg = Release|Any CPU
		{EF02C6DC-D127-4FD5-9212-16340F85AD18}.Release|Any CPU.Build.0 = Release|Any CPU
		{32901592-A5F5-4A43-A0FF-9EF04E8BDAD0}.Debug|Any CPU.ActiveCfg = Debug|Any CPU
		{32901592-A5F5-4A43-A0FF-9EF04E8BDAD0}.Debug|Any CPU.Build.0 = Debug|Any CPU
		{32901592-A5F5-4A43-A0FF-9EF04E8BDAD0}.Release|Any CPU.ActiveCfg = Release|Any CPU
		{32901592-A5F5-4A43-A0FF-9EF04E8BDAD0}.Release|Any CPU.Build.0 = Release|Any CPU
		{9328BB3F-E709-432B-A6E1-8B7F79843B0B}.Debug|Any CPU.ActiveCfg = Debug|Any CPU
		{9328BB3F-E709-432B-A6E1-8B7F79843B0B}.Debug|Any CPU.Build.0 = Debug|Any CPU
		{9328BB3F-E709-432B-A6E1-8B7F79843B0B}.Release|Any CPU.ActiveCfg = Release|Any CPU
		{9328BB3F-E709-432B-A6E1-8B7F79843B0B}.Release|Any CPU.Build.0 = Release|Any CPU
	EndGlobalSection
	GlobalSection(SolutionProperties) = preSolution
		HideSolutionNode = FALSE
	EndGlobalSection
	GlobalSection(ExtensibilityGlobals) = postSolution
		SolutionGuid = {CCBA99CC-F64D-455E-814A-063627601AA3}
	EndGlobalSection
EndGlobal
